
Microsoft Visual Studio Solution File, Format Version 12.00
# Visual Studio Version 17
VisualStudioVersion = 17.14.35906.104 d17.14
MinimumVisualStudioVersion = 10.0.40219.1
Project("{FAE04EC0-301F-11D3-BF4B-00C04F79EFBC}") = "MVC_Application", "MVC_Application.csproj", "{AB6C71EE-6797-4E01-A8AB-C8D4A98CE5D8}"
EndProject
Global
	GlobalSection(SolutionConfigurationPlatforms) = preSolution
		Debug|Any CPU = Debug|Any CPU
		Release|Any CPU = Release|Any CPU
	EndGlobalSection
	GlobalSection(ProjectConfigurationPlatforms) = postSolution
		{AB6C71EE-6797-4E01-A8AB-C8D4A98CE5D8}.Debug|Any CPU.ActiveCfg = Debug|Any CPU
		{AB6C71EE-6797-4E01-A8AB-C8D4A98CE5D8}.Debug|Any CPU.Build.0 = Debug|Any CPU
		{AB6C71EE-6797-4E01-A8AB-C8D4A98CE5D8}.Release|Any CPU.ActiveCfg = Release|Any CPU
		{AB6C71EE-6797-4E01-A8AB-C8D4A98CE5D8}.Release|Any CPU.Build.0 = Release|Any CPU
	EndGlobalSection
	GlobalSection(SolutionProperties) = preSolution
		HideSolutionNode = FALSE
	EndGlobalSection
	GlobalSection(ExtensibilityGlobals) = postSolution
		SolutionGuid = {482CC80A-5F6D-41EF-8D34-7A6FA7C297AC}
	EndGlobalSection
EndGlobal
